PODS:
  - EAIntroView (2.13.0):
    - EARestrictedScrollView (~> 1.1.0)
  - EARestrictedScrollView (1.1.0)
  - MBProgressHUD (1.2.0)
  - Onboard (2.3.3)
  - Realm (10.7.6):
    - Realm/Headers (= 10.7.6)
  - Realm/Headers (10.7.6)
  - RealmSwift (10.7.6):
    - Realm (= 10.7.6)
  - SVProgressHUD (2.2.5)
  - TagListView (1.4.1)

DEPENDENCIES:
  - EAIntroView
  - MBProgressHUD (~> 1.2.0)
  - Onboard
  - Realm (from `https://github.com/realm/realm-cocoa.git`, branch `master`)
  - RealmSwift (from `https://github.com/realm/realm-cocoa.git`, branch `master`)
  - SVProgressHUD (= 2.2.5)
  - TagListView (~> 1.0)

SPEC REPOS:
  trunk:
    - EAIntroView
    - EARestrictedScrollView
    - MBProgressHUD
    - Onboard
    - SVProgressHUD
    - TagListView

EXTERNAL SOURCES:
  Realm:
    :branch: master
    :git: https://github.com/realm/realm-cocoa.git
    :submodules: true
  RealmSwift:
    :branch: master
    :git: https://github.com/realm/realm-cocoa.git
    :submodules: true

CHECKOUT OPTIONS:
  Realm:
    :commit: 39930fe2a8c4a207cb832ce8cf156f2e25db4f6a
    :git: https://github.com/realm/realm-cocoa.git
    :submodules: true
  RealmSwift:
    :commit: 39930fe2a8c4a207cb832ce8cf156f2e25db4f6a
    :git: https://github.com/realm/realm-cocoa.git
    :submodules: true

SPEC CHECKSUMS:
  EAIntroView: 9adedfc6b5c3fd3ebe19766da01dae573e6ce053
  EARestrictedScrollView: b0c2a3f92fb2610bb44d71c5e4893777c89e45ef
  MBProgressHUD: 3ee5efcc380f6a79a7cc9b363dd669c5e1ae7406
  Onboard: 4d6e943e20bdd6bc229df967a347dd7514bc2a6f
  Realm: ed860452717c8db8f4bf832b6807f7f2ce708839
  RealmSwift: e31c4ddbcc42ac879313d656b86f9ca539f6f4f4
  SVProgressHUD: 1428aafac632c1f86f62aa4243ec12008d7a51d6
  TagListView: a1c236d17960a0cf64156725a76ce6d73ebce2be

PODFILE CHECKSUM: 6ba33de1912b35d6b4a82b23d919baef1e2448c6

COCOAPODS: 1.10.1
