// !$*UTF8*$!
{
	archiveVersion = 1;
	classes = {
	};
	objectVersion = 51;
	objects = {

/* Begin PBXBuildFile section */
		2A5F3B2D7940F61219F991B9 /* Pods_personRecord.framework in Frameworks */ = {isa = PBXBuildFile; fileRef = 3F694CD8BA5B9F6895FC8842 /* Pods_personRecord.framework */; };
		C80EA528265DCA9F00806FF6 /* costomTableViewCell.swift in Sources */ = {isa = PBXBuildFile; fileRef = C80EA526265DCA9F00806FF6 /* costomTableViewCell.swift */; };
		C80EA529265DCA9F00806FF6 /* costomTableViewCell.xib in Resources */ = {isa = PBXBuildFile; fileRef = C80EA527265DCA9F00806FF6 /* costomTableViewCell.xib */; };
		C8101104265D2C09005F6723 /* testViewController.swift in Sources */ = {isa = PBXBuildFile; fileRef = C8101103265D2C09005F6723 /* testViewController.swift */; };
		C81E8C64265E071F00A3F010 /* TagTableViewCell.swift in Sources */ = {isa = PBXBuildFile; fileRef = C81E8C62265E071F00A3F010 /* TagTableViewCell.swift */; };
		C81E8C65265E071F00A3F010 /* TagTableViewCell.xib in Resources */ = {isa = PBXBuildFile; fileRef = C81E8C63265E071F00A3F010 /* TagTableViewCell.xib */; };
		C81E8C68265E0D1700A3F010 /* FaceCreateView.swift in Sources */ = {isa = PBXBuildFile; fileRef = C81E8C67265E0D1700A3F010 /* FaceCreateView.swift */; };
		C81E8C6C265E0D2600A3F010 /* FaceCreateView.xib in Resources */ = {isa = PBXBuildFile; fileRef = C81E8C6B265E0D2600A3F010 /* FaceCreateView.xib */; };
		C8495DB3265DE7D8008FE4BC /* Test2ViewController.swift in Sources */ = {isa = PBXBuildFile; fileRef = C8495DB2265DE7D8008FE4BC /* Test2ViewController.swift */; };
		C85A264C264A4CB5007B3FF0 /* AppDelegate.swift in Sources */ = {isa = PBXBuildFile; fileRef = C85A264B264A4CB5007B3FF0 /* AppDelegate.swift */; };
		C85A264E264A4CB5007B3FF0 /* SceneDelegate.swift in Sources */ = {isa = PBXBuildFile; fileRef = C85A264D264A4CB5007B3FF0 /* SceneDelegate.swift */; };
		C85A2650264A4CB5007B3FF0 /* ViewController.swift in Sources */ = {isa = PBXBuildFile; fileRef = C85A264F264A4CB5007B3FF0 /* ViewController.swift */; };
		C85A2653264A4CB5007B3FF0 /* Main.storyboard in Resources */ = {isa = PBXBuildFile; fileRef = C85A2651264A4CB5007B3FF0 /* Main.storyboard */; };
		C85A2655264A4CB6007B3FF0 /* Assets.xcassets in Resources */ = {isa = PBXBuildFile; fileRef = C85A2654264A4CB6007B3FF0 /* Assets.xcassets */; };
		C85A2658264A4CB6007B3FF0 /* LaunchScreen.storyboard in Resources */ = {isa = PBXBuildFile; fileRef = C85A2656264A4CB6007B3FF0 /* LaunchScreen.storyboard */; };
		C85A2669264CF37F007B3FF0 /* Person.swift in Sources */ = {isa = PBXBuildFile; fileRef = C85A2668264CF37F007B3FF0 /* Person.swift */; };
		C85A266E264CF5A3007B3FF0 /* Category.swift in Sources */ = {isa = PBXBuildFile; fileRef = C85A266D264CF5A3007B3FF0 /* Category.swift */; };
		C85A2672264D0146007B3FF0 /* FaceCreate3ViewController.swift in Sources */ = {isa = PBXBuildFile; fileRef = C85A2671264D0146007B3FF0 /* FaceCreate3ViewController.swift */; };
		C85A2675264D0787007B3FF0 /* PersonCategory.swift in Sources */ = {isa = PBXBuildFile; fileRef = C85A2674264D0787007B3FF0 /* PersonCategory.swift */; };
		C862CACD264E56AA0064880B /* NameCreateViewController.swift in Sources */ = {isa = PBXBuildFile; fileRef = C862CACC264E56AA0064880B /* NameCreateViewController.swift */; };
		C862CAD02651F7320064880B /* DetailViewController.swift in Sources */ = {isa = PBXBuildFile; fileRef = C862CACF2651F7320064880B /* DetailViewController.swift */; };
		C862CAD32651FAE30064880B /* MemoCreateViewController.swift in Sources */ = {isa = PBXBuildFile; fileRef = C862CAD22651FAE30064880B /* MemoCreateViewController.swift */; };
		C864D0462652584F00E41849 /* Extension.swift in Sources */ = {isa = PBXBuildFile; fileRef = C864D0452652584F00E41849 /* Extension.swift */; };
		C87E20CA265F21DF0023BDE3 /* MemoView.swift in Sources */ = {isa = PBXBuildFile; fileRef = C87E20C9265F21DF0023BDE3 /* MemoView.swift */; };
		C87E20D3265F220C0023BDE3 /* MemoView.xib in Resources */ = {isa = PBXBuildFile; fileRef = C87E20D2265F220C0023BDE3 /* MemoView.xib */; };
		C881B7A9265CDE9600709097 /* CategoryLabel.swift in Sources */ = {isa = PBXBuildFile; fileRef = C881B7A8265CDE9600709097 /* CategoryLabel.swift */; };
		C881B7AC265CDEDA00709097 /* CategoryLabel.xib in Resources */ = {isa = PBXBuildFile; fileRef = C881B7AB265CDEDA00709097 /* CategoryLabel.xib */; };
		C881B7AF265CE08300709097 /* PersonView.xib in Resources */ = {isa = PBXBuildFile; fileRef = C881B7AE265CE08300709097 /* PersonView.xib */; };
		C881B7B2265CE09000709097 /* PersonView.swift in Sources */ = {isa = PBXBuildFile; fileRef = C881B7B1265CE09000709097 /* PersonView.swift */; };
		C88B6361265E9CF20029BB00 /* TagCreateViewController.swift in Sources */ = {isa = PBXBuildFile; fileRef = C88B6360265E9CF20029BB00 /* TagCreateViewController.swift */; };
		C8ABC07926561F510000DDEC /* MemoTabBar.swift in Resources */ = {isa = PBXBuildFile; fileRef = C8DFF48C2655F393004BCD95 /* MemoTabBar.swift */; };
		C8B404AF265BD26E00385343 /* NameLabelView.xib in Resources */ = {isa = PBXBuildFile; fileRef = C8B404AE265BD26E00385343 /* NameLabelView.xib */; };
		C8B404B2265BD28400385343 /* NameLabelView.swift in Sources */ = {isa = PBXBuildFile; fileRef = C8B404B1265BD28400385343 /* NameLabelView.swift */; };
		C8B404B6265BEE9100385343 /* FaceCreateViewController.swift in Sources */ = {isa = PBXBuildFile; fileRef = C8B404B5265BEE9100385343 /* FaceCreateViewController.swift */; };
		C8B404BA265C8E2000385343 /* CollectionViewCell.swift in Sources */ = {isa = PBXBuildFile; fileRef = C8B404B8265C8E2000385343 /* CollectionViewCell.swift */; };
		C8B404BB265C8E2000385343 /* CollectionViewCell.xib in Resources */ = {isa = PBXBuildFile; fileRef = C8B404B9265C8E2000385343 /* CollectionViewCell.xib */; };
		C8BA887C2657F03C00E29A60 /* SearchTableViewController.swift in Sources */ = {isa = PBXBuildFile; fileRef = C8BA887B2657F03C00E29A60 /* SearchTableViewController.swift */; };
		C8D54C1B2654AA9400775AE2 /* PortraitTabBar.swift in Sources */ = {isa = PBXBuildFile; fileRef = C8D54C1A2654AA9400775AE2 /* PortraitTabBar.swift */; };
		C8D54C202654C33300775AE2 /* FaceCreate2ViewController.swift in Sources */ = {isa = PBXBuildFile; fileRef = C8D54C1F2654C33300775AE2 /* FaceCreate2ViewController.swift */; };
		C8DFA637265A16A900FFDC10 /* LabelView.xib in Resources */ = {isa = PBXBuildFile; fileRef = C8DFA636265A16A900FFDC10 /* LabelView.xib */; };
		C8DFA63A265A16BB00FFDC10 /* LabelView.swift in Sources */ = {isa = PBXBuildFile; fileRef = C8DFA639265A16BB00FFDC10 /* LabelView.swift */; };
		C8DFF48A2655E5A3004BCD95 /* FaceCreate4ViewController.swift in Sources */ = {isa = PBXBuildFile; fileRef = C8DFF4892655E5A3004BCD95 /* FaceCreate4ViewController.swift */; };
		C8DFF48D2655F393004BCD95 /* MemoTabBar.swift in Sources */ = {isa = PBXBuildFile; fileRef = C8DFF48C2655F393004BCD95 /* MemoTabBar.swift */; };
		C8E76A5C2657526800993BFC /* TagViewController.swift in Sources */ = {isa = PBXBuildFile; fileRef = C8E76A5B2657526800993BFC /* TagViewController.swift */; };
		C8E76A5F2657563A00993BFC /* HomeTabBar.swift in Sources */ = {isa = PBXBuildFile; fileRef = C8E76A5E2657563A00993BFC /* HomeTabBar.swift */; };
		C8E76A6226575A6A00993BFC /* TagDetailViewController.swift in Sources */ = {isa = PBXBuildFile; fileRef = C8E76A6126575A6A00993BFC /* TagDetailViewController.swift */; };
		C8E76A662657631300993BFC /* FaceView.swift in Sources */ = {isa = PBXBuildFile; fileRef = C8E76A652657631300993BFC /* FaceView.swift */; };
		C8E76A6A265763D700993BFC /* FaceView.xib in Resources */ = {isa = PBXBuildFile; fileRef = C8E76A69265763D700993BFC /* FaceView.xib */; };
/* End PBXBuildFile section */

/* Begin PBXFileReference section */
		3F694CD8BA5B9F6895FC8842 /* Pods_personRecord.framework */ = {isa = PBXFileReference; explicitFileType = wrapper.framework; includeInIndex = 0; path = Pods_personRecord.framework; sourceTree = BUILT_PRODUCTS_DIR; };
		48135570B331BBC5BDC96E2C /* Pods-personRecord.debug.xcconfig */ = {isa = PBXFileReference; includeInIndex = 1; lastKnownFileType = text.xcconfig; name = "Pods-personRecord.debug.xcconfig"; path = "Target Support Files/Pods-personRecord/Pods-personRecord.debug.xcconfig"; sourceTree = "<group>"; };
		C2A69F3A5788948F4A4B04CA /* Pods-personRecord.release.xcconfig */ = {isa = PBXFileReference; includeInIndex = 1; lastKnownFileType = text.xcconfig; name = "Pods-personRecord.release.xcconfig"; path = "Target Support Files/Pods-personRecord/Pods-personRecord.release.xcconfig"; sourceTree = "<group>"; };
		C80EA526265DCA9F00806FF6 /* costomTableViewCell.swift */ = {isa = PBXFileReference; lastKnownFileType = sourcecode.swift; path = costomTableViewCell.swift; sourceTree = "<group>"; };
		C80EA527265DCA9F00806FF6 /* costomTableViewCell.xib */ = {isa = PBXFileReference; lastKnownFileType = file.xib; path = costomTableViewCell.xib; sourceTree = "<group>"; };
		C8101103265D2C09005F6723 /* testViewController.swift */ = {isa = PBXFileReference; lastKnownFileType = sourcecode.swift; path = testViewController.swift; sourceTree = "<group>"; };
		C81E8C62265E071F00A3F010 /* TagTableViewCell.swift */ = {isa = PBXFileReference; lastKnownFileType = sourcecode.swift; path = TagTableViewCell.swift; sourceTree = "<group>"; };
		C81E8C63265E071F00A3F010 /* TagTableViewCell.xib */ = {isa = PBXFileReference; lastKnownFileType = file.xib; path = TagTableViewCell.xib; sourceTree = "<group>"; };
		C81E8C67265E0D1700A3F010 /* FaceCreateView.swift */ = {isa = PBXFileReference; lastKnownFileType = sourcecode.swift; path = FaceCreateView.swift; sourceTree = "<group>"; };
		C81E8C6B265E0D2600A3F010 /* FaceCreateView.xib */ = {isa = PBXFileReference; lastKnownFileType = file.xib; path = FaceCreateView.xib; sourceTree = "<group>"; };
		C8495DB2265DE7D8008FE4BC /* Test2ViewController.swift */ = {isa = PBXFileReference; lastKnownFileType = sourcecode.swift; path = Test2ViewController.swift; sourceTree = "<group>"; };
		C85A2648264A4CB5007B3FF0 /* personRecord.app */ = {isa = PBXFileReference; explicitFileType = wrapper.application; includeInIndex = 0; path = personRecord.app; sourceTree = BUILT_PRODUCTS_DIR; };
		C85A264B264A4CB5007B3FF0 /* AppDelegate.swift */ = {isa = PBXFileReference; lastKnownFileType = sourcecode.swift; path = AppDelegate.swift; sourceTree = "<group>"; };
		C85A264D264A4CB5007B3FF0 /* SceneDelegate.swift */ = {isa = PBXFileReference; lastKnownFileType = sourcecode.swift; path = SceneDelegate.swift; sourceTree = "<group>"; };
		C85A264F264A4CB5007B3FF0 /* ViewController.swift */ = {isa = PBXFileReference; lastKnownFileType = sourcecode.swift; path = ViewController.swift; sourceTree = "<group>"; };
		C85A2652264A4CB5007B3FF0 /* Base */ = {isa = PBXFileReference; lastKnownFileType = file.storyboard; name = Base; path = Base.lproj/Main.storyboard; sourceTree = "<group>"; };
		C85A2654264A4CB6007B3FF0 /* Assets.xcassets */ = {isa = PBXFileReference; lastKnownFileType = folder.assetcatalog; path = Assets.xcassets; sourceTree = "<group>"; };
		C85A2657264A4CB6007B3FF0 /* Base */ = {isa = PBXFileReference; lastKnownFileType = file.storyboard; name = Base; path = Base.lproj/LaunchScreen.storyboard; sourceTree = "<group>"; };
		C85A2659264A4CB6007B3FF0 /* Info.plist */ = {isa = PBXFileReference; lastKnownFileType = text.plist.xml; path = Info.plist; sourceTree = "<group>"; };
		C85A2668264CF37F007B3FF0 /* Person.swift */ = {isa = PBXFileReference; lastKnownFileType = sourcecode.swift; path = Person.swift; sourceTree = "<group>"; };
		C85A266D264CF5A3007B3FF0 /* Category.swift */ = {isa = PBXFileReference; lastKnownFileType = sourcecode.swift; path = Category.swift; sourceTree = "<group>"; };
		C85A2671264D0146007B3FF0 /* FaceCreate3ViewController.swift */ = {isa = PBXFileReference; lastKnownFileType = sourcecode.swift; path = FaceCreate3ViewController.swift; sourceTree = "<group>"; };
		C85A2674264D0787007B3FF0 /* PersonCategory.swift */ = {isa = PBXFileReference; lastKnownFileType = sourcecode.swift; path = PersonCategory.swift; sourceTree = "<group>"; };
		C862CACC264E56AA0064880B /* NameCreateViewController.swift */ = {isa = PBXFileReference; lastKnownFileType = sourcecode.swift; path = NameCreateViewController.swift; sourceTree = "<group>"; };
		C862CACF2651F7320064880B /* DetailViewController.swift */ = {isa = PBXFileReference; lastKnownFileType = sourcecode.swift; path = DetailViewController.swift; sourceTree = "<group>"; };
		C862CAD22651FAE30064880B /* MemoCreateViewController.swift */ = {isa = PBXFileReference; lastKnownFileType = sourcecode.swift; path = MemoCreateViewController.swift; sourceTree = "<group>"; };
		C864D0452652584F00E41849 /* Extension.swift */ = {isa = PBXFileReference; lastKnownFileType = sourcecode.swift; path = Extension.swift; sourceTree = "<group>"; };
		C87E20C9265F21DF0023BDE3 /* MemoView.swift */ = {isa = PBXFileReference; lastKnownFileType = sourcecode.swift; path = MemoView.swift; sourceTree = "<group>"; };
		C87E20D2265F220C0023BDE3 /* MemoView.xib */ = {isa = PBXFileReference; lastKnownFileType = file.xib; path = MemoView.xib; sourceTree = "<group>"; };
		C881B7A8265CDE9600709097 /* CategoryLabel.swift */ = {isa = PBXFileReference; lastKnownFileType = sourcecode.swift; path = CategoryLabel.swift; sourceTree = "<group>"; };
		C881B7AB265CDEDA00709097 /* CategoryLabel.xib */ = {isa = PBXFileReference; lastKnownFileType = file.xib; path = CategoryLabel.xib; sourceTree = "<group>"; };
		C881B7AE265CE08300709097 /* PersonView.xib */ = {isa = PBXFileReference; lastKnownFileType = file.xib; path = PersonView.xib; sourceTree = "<group>"; };
		C881B7B1265CE09000709097 /* PersonView.swift */ = {isa = PBXFileReference; lastKnownFileType = sourcecode.swift; path = PersonView.swift; sourceTree = "<group>"; };
		C88B6360265E9CF20029BB00 /* TagCreateViewController.swift */ = {isa = PBXFileReference; lastKnownFileType = sourcecode.swift; path = TagCreateViewController.swift; sourceTree = "<group>"; };
		C8B404AE265BD26E00385343 /* NameLabelView.xib */ = {isa = PBXFileReference; lastKnownFileType = file.xib; path = NameLabelView.xib; sourceTree = "<group>"; };
		C8B404B1265BD28400385343 /* NameLabelView.swift */ = {isa = PBXFileReference; lastKnownFileType = sourcecode.swift; path = NameLabelView.swift; sourceTree = "<group>"; };
		C8B404B5265BEE9100385343 /* FaceCreateViewController.swift */ = {isa = PBXFileReference; fileEncoding = 4; lastKnownFileType = sourcecode.swift; path = FaceCreateViewController.swift; sourceTree = "<group>"; };
		C8B404B8265C8E2000385343 /* CollectionViewCell.swift */ = {isa = PBXFileReference; lastKnownFileType = sourcecode.swift; path = CollectionViewCell.swift; sourceTree = "<group>"; };
		C8B404B9265C8E2000385343 /* CollectionViewCell.xib */ = {isa = PBXFileReference; lastKnownFileType = file.xib; path = CollectionViewCell.xib; sourceTree = "<group>"; };
		C8BA887B2657F03C00E29A60 /* SearchTableViewController.swift */ = {isa = PBXFileReference; lastKnownFileType = sourcecode.swift; path = SearchTableViewController.swift; sourceTree = "<group>"; };
		C8D54C1A2654AA9400775AE2 /* PortraitTabBar.swift */ = {isa = PBXFileReference; lastKnownFileType = sourcecode.swift; path = PortraitTabBar.swift; sourceTree = "<group>"; };
		C8D54C1F2654C33300775AE2 /* FaceCreate2ViewController.swift */ = {isa = PBXFileReference; lastKnownFileType = sourcecode.swift; path = FaceCreate2ViewController.swift; sourceTree = "<group>"; };
		C8DFA636265A16A900FFDC10 /* LabelView.xib */ = {isa = PBXFileReference; lastKnownFileType = file.xib; path = LabelView.xib; sourceTree = "<group>"; };
		C8DFA639265A16BB00FFDC10 /* LabelView.swift */ = {isa = PBXFileReference; lastKnownFileType = sourcecode.swift; path = LabelView.swift; sourceTree = "<group>"; };
		C8DFF4892655E5A3004BCD95 /* FaceCreate4ViewController.swift */ = {isa = PBXFileReference; lastKnownFileType = sourcecode.swift; path = FaceCreate4ViewController.swift; sourceTree = "<group>"; };
		C8DFF48C2655F393004BCD95 /* MemoTabBar.swift */ = {isa = PBXFileReference; lastKnownFileType = sourcecode.swift; path = MemoTabBar.swift; sourceTree = "<group>"; };
		C8E76A5B2657526800993BFC /* TagViewController.swift */ = {isa = PBXFileReference; lastKnownFileType = sourcecode.swift; path = TagViewController.swift; sourceTree = "<group>"; };
		C8E76A5E2657563A00993BFC /* HomeTabBar.swift */ = {isa = PBXFileReference; lastKnownFileType = sourcecode.swift; path = HomeTabBar.swift; sourceTree = "<group>"; };
		C8E76A6126575A6A00993BFC /* TagDetailViewController.swift */ = {isa = PBXFileReference; lastKnownFileType = sourcecode.swift; path = TagDetailViewController.swift; sourceTree = "<group>"; };
		C8E76A652657631300993BFC /* FaceView.swift */ = {isa = PBXFileReference; lastKnownFileType = sourcecode.swift; path = FaceView.swift; sourceTree = "<group>"; };
		C8E76A69265763D700993BFC /* FaceView.xib */ = {isa = PBXFileReference; lastKnownFileType = file.xib; path = FaceView.xib; sourceTree = "<group>"; };
/* End PBXFileReference section */

/* Begin PBXFrameworksBuildPhase section */
		C85A2645264A4CB5007B3FF0 /* Frameworks */ = {
			isa = PBXFrameworksBuildPhase;
			buildActionMask = 2147483647;
			files = (
				2A5F3B2D7940F61219F991B9 /* Pods_personRecord.framework in Frameworks */,
			);
			runOnlyForDeploymentPostprocessing = 0;
		};
/* End PBXFrameworksBuildPhase section */

/* Begin PBXGroup section */
		ADE662C973CD44FE9E7E5916 /* Frameworks */ = {
			isa = PBXGroup;
			children = (
				3F694CD8BA5B9F6895FC8842 /* Pods_personRecord.framework */,
			);
			name = Frameworks;
			sourceTree = "<group>";
		};
		C80EA52B265DDA5C00806FF6 /* Test */ = {
			isa = PBXGroup;
			children = (
				C8101103265D2C09005F6723 /* testViewController.swift */,
				C8495DB2265DE7D8008FE4BC /* Test2ViewController.swift */,
			);
			path = Test;
			sourceTree = "<group>";
		};
		C8495DAD265DE271008FE4BC /* Face */ = {
			isa = PBXGroup;
			children = (
				C881B7AE265CE08300709097 /* PersonView.xib */,
				C881B7B1265CE09000709097 /* PersonView.swift */,
				C8E76A652657631300993BFC /* FaceView.swift */,
				C8E76A69265763D700993BFC /* FaceView.xib */,
				C81E8C67265E0D1700A3F010 /* FaceCreateView.swift */,
				C81E8C6B265E0D2600A3F010 /* FaceCreateView.xib */,
			);
			path = Face;
			sourceTree = "<group>";
		};
		C8495DAE265DE282008FE4BC /* Label */ = {
			isa = PBXGroup;
			children = (
				C881B7A8265CDE9600709097 /* CategoryLabel.swift */,
				C881B7AB265CDEDA00709097 /* CategoryLabel.xib */,
				C8DFA639265A16BB00FFDC10 /* LabelView.swift */,
				C8DFA636265A16A900FFDC10 /* LabelView.xib */,
				C8B404AE265BD26E00385343 /* NameLabelView.xib */,
				C8B404B1265BD28400385343 /* NameLabelView.swift */,
			);
			path = Label;
			sourceTree = "<group>";
		};
		C8495DAF265DE2AC008FE4BC /* TableCell */ = {
			isa = PBXGroup;
			children = (
				C8B404B8265C8E2000385343 /* CollectionViewCell.swift */,
				C8B404B9265C8E2000385343 /* CollectionViewCell.xib */,
				C81E8C62265E071F00A3F010 /* TagTableViewCell.swift */,
				C81E8C63265E071F00A3F010 /* TagTableViewCell.xib */,
				C80EA526265DCA9F00806FF6 /* costomTableViewCell.swift */,
				C80EA527265DCA9F00806FF6 /* costomTableViewCell.xib */,
			);
			path = TableCell;
			sourceTree = "<group>";
		};
		C85A263F264A4CB5007B3FF0 = {
			isa = PBXGroup;
			children = (
				C85A264A264A4CB5007B3FF0 /* personRecord */,
				C85A2649264A4CB5007B3FF0 /* Products */,
				DF888827DA43B67B565A57B0 /* Pods */,
				ADE662C973CD44FE9E7E5916 /* Frameworks */,
			);
			sourceTree = "<group>";
		};
		C85A2649264A4CB5007B3FF0 /* Products */ = {
			isa = PBXGroup;
			children = (
				C85A2648264A4CB5007B3FF0 /* personRecord.app */,
			);
			name = Products;
			sourceTree = "<group>";
		};
		C85A264A264A4CB5007B3FF0 /* personRecord */ = {
			isa = PBXGroup;
			children = (
				C85A264B264A4CB5007B3FF0 /* AppDelegate.swift */,
				C85A264D264A4CB5007B3FF0 /* SceneDelegate.swift */,
				C85A266C264CF4A7007B3FF0 /* View */,
				C85A266B264CF47C007B3FF0 /* Model */,
				C85A2651264A4CB5007B3FF0 /* Main.storyboard */,
				C85A2654264A4CB6007B3FF0 /* Assets.xcassets */,
				C85A2656264A4CB6007B3FF0 /* LaunchScreen.storyboard */,
				C85A2659264A4CB6007B3FF0 /* Info.plist */,
			);
			path = personRecord;
			sourceTree = "<group>";
		};
		C85A266B264CF47C007B3FF0 /* Model */ = {
			isa = PBXGroup;
			children = (
				C85A2668264CF37F007B3FF0 /* Person.swift */,
				C85A266D264CF5A3007B3FF0 /* Category.swift */,
				C85A2674264D0787007B3FF0 /* PersonCategory.swift */,
				C864D0452652584F00E41849 /* Extension.swift */,
			);
			path = Model;
			sourceTree = "<group>";
		};
		C85A266C264CF4A7007B3FF0 /* View */ = {
			isa = PBXGroup;
			children = (
				C8E76A64265762F900993BFC /* CustomView */,
				C8ABC080265627FB0000DDEC /* MemoCreate */,
				C8D54C1E2654C2FE00775AE2 /* PersonCreate */,
				C8D54C192654AA2D00775AE2 /* TabBar */,
				C85A264F264A4CB5007B3FF0 /* ViewController.swift */,
				C862CACF2651F7320064880B /* DetailViewController.swift */,
				C8E76A5B2657526800993BFC /* TagViewController.swift */,
				C8E76A6126575A6A00993BFC /* TagDetailViewController.swift */,
				C8BA887B2657F03C00E29A60 /* SearchTableViewController.swift */,
				C80EA52B265DDA5C00806FF6 /* Test */,
			);
			path = View;
			sourceTree = "<group>";
		};
		C87E20C8265F21C20023BDE3 /* MemoView */ = {
			isa = PBXGroup;
			children = (
				C87E20C9265F21DF0023BDE3 /* MemoView.swift */,
				C87E20D2265F220C0023BDE3 /* MemoView.xib */,
			);
			path = MemoView;
			sourceTree = "<group>";
		};
		C8ABC080265627FB0000DDEC /* MemoCreate */ = {
			isa = PBXGroup;
			children = (
				C862CAD22651FAE30064880B /* MemoCreateViewController.swift */,
				C88B6360265E9CF20029BB00 /* TagCreateViewController.swift */,
			);
			path = MemoCreate;
			sourceTree = "<group>";
		};
		C8D54C192654AA2D00775AE2 /* TabBar */ = {
			isa = PBXGroup;
			children = (
				C8D54C1A2654AA9400775AE2 /* PortraitTabBar.swift */,
				C8DFF48C2655F393004BCD95 /* MemoTabBar.swift */,
				C8E76A5E2657563A00993BFC /* HomeTabBar.swift */,
			);
			path = TabBar;
			sourceTree = "<group>";
		};
		C8D54C1E2654C2FE00775AE2 /* PersonCreate */ = {
			isa = PBXGroup;
			children = (
				C862CACC264E56AA0064880B /* NameCreateViewController.swift */,
				C8B404B5265BEE9100385343 /* FaceCreateViewController.swift */,
				C8D54C1F2654C33300775AE2 /* FaceCreate2ViewController.swift */,
				C85A2671264D0146007B3FF0 /* FaceCreate3ViewController.swift */,
				C8DFF4892655E5A3004BCD95 /* FaceCreate4ViewController.swift */,
			);
			path = PersonCreate;
			sourceTree = "<group>";
		};
		C8E76A64265762F900993BFC /* CustomView */ = {
			isa = PBXGroup;
			children = (
				C87E20C8265F21C20023BDE3 /* MemoView */,
				C8495DAF265DE2AC008FE4BC /* TableCell */,
				C8495DAE265DE282008FE4BC /* Label */,
				C8495DAD265DE271008FE4BC /* Face */,
			);
			path = CustomView;
			sourceTree = "<group>";
		};
		DF888827DA43B67B565A57B0 /* Pods */ = {
			isa = PBXGroup;
			children = (
				48135570B331BBC5BDC96E2C /* Pods-personRecord.debug.xcconfig */,
				C2A69F3A5788948F4A4B04CA /* Pods-personRecord.release.xcconfig */,
			);
			path = Pods;
			sourceTree = "<group>";
		};
/* End PBXGroup section */

/* Begin PBXNativeTarget section */
		C85A2647264A4CB5007B3FF0 /* personRecord */ = {
			isa = PBXNativeTarget;
			buildConfigurationList = C85A265C264A4CB6007B3FF0 /* Build configuration list for PBXNativeTarget "personRecord" */;
			buildPhases = (
				A6F6117269D154FBE56E8D9B /* [CP] Check Pods Manifest.lock */,
				C85A2644264A4CB5007B3FF0 /* Sources */,
				C85A2645264A4CB5007B3FF0 /* Frameworks */,
				C85A2646264A4CB5007B3FF0 /* Resources */,
				25D932403B256970B03D9D4A /* [CP] Embed Pods Frameworks */,
			);
			buildRules = (
			);
			dependencies = (
			);
			name = personRecord;
			productName = personRecord;
			productReference = C85A2648264A4CB5007B3FF0 /* personRecord.app */;
			productType = "com.apple.product-type.application";
		};
/* End PBXNativeTarget section */

/* Begin PBXProject section */
		C85A2640264A4CB5007B3FF0 /* Project object */ = {
			isa = PBXProject;
			attributes = {
				LastSwiftUpdateCheck = 1220;
				LastUpgradeCheck = 1220;
				TargetAttributes = {
					C85A2647264A4CB5007B3FF0 = {
						CreatedOnToolsVersion = 12.2;
					};
				};
			};
			buildConfigurationList = C85A2643264A4CB5007B3FF0 /* Build configuration list for PBXProject "personRecord" */;
			compatibilityVersion = "Xcode 9.3";
			developmentRegion = en;
			hasScannedForEncodings = 0;
			knownRegions = (
				en,
				Base,
			);
			mainGroup = C85A263F264A4CB5007B3FF0;
			productRefGroup = C85A2649264A4CB5007B3FF0 /* Products */;
			projectDirPath = "";
			projectRoot = "";
			targets = (
				C85A2647264A4CB5007B3FF0 /* personRecord */,
			);
		};
/* End PBXProject section */

/* Begin PBXResourcesBuildPhase section */
		C85A2646264A4CB5007B3FF0 /* Resources */ = {
			isa = PBXResourcesBuildPhase;
			buildActionMask = 2147483647;
			files = (
				C81E8C65265E071F00A3F010 /* TagTableViewCell.xib in Resources */,
				C8B404BB265C8E2000385343 /* CollectionViewCell.xib in Resources */,
				C80EA529265DCA9F00806FF6 /* costomTableViewCell.xib in Resources */,
				C8ABC07926561F510000DDEC /* MemoTabBar.swift in Resources */,
				C85A2658264A4CB6007B3FF0 /* LaunchScreen.storyboard in Resources */,
				C85A2655264A4CB6007B3FF0 /* Assets.xcassets in Resources */,
				C81E8C6C265E0D2600A3F010 /* FaceCreateView.xib in Resources */,
				C881B7AC265CDEDA00709097 /* CategoryLabel.xib in Resources */,
				C8E76A6A265763D700993BFC /* FaceView.xib in Resources */,
				C85A2653264A4CB5007B3FF0 /* Main.storyboard in Resources */,
				C8DFA637265A16A900FFDC10 /* LabelView.xib in Resources */,
				C8B404AF265BD26E00385343 /* NameLabelView.xib in Resources */,
				C87E20D3265F220C0023BDE3 /* MemoView.xib in Resources */,
				C881B7AF265CE08300709097 /* PersonView.xib in Resources */,
			);
			runOnlyForDeploymentPostprocessing = 0;
		};
/* End PBXResourcesBuildPhase section */

/* Begin PBXShellScriptBuildPhase section */
		25D932403B256970B03D9D4A /* [CP] Embed Pods Frameworks */ = {
			isa = PBXShellScriptBuildPhase;
			buildActionMask = 2147483647;
			files = (
			);
			inputFileListPaths = (
				"${PODS_ROOT}/Target Support Files/Pods-personRecord/Pods-personRecord-frameworks-${CONFIGURATION}-input-files.xcfilelist",
			);
			name = "[CP] Embed Pods Frameworks";
			outputFileListPaths = (
				"${PODS_ROOT}/Target Support Files/Pods-personRecord/Pods-personRecord-frameworks-${CONFIGURATION}-output-files.xcfilelist",
			);
			runOnlyForDeploymentPostprocessing = 0;
			shellPath = /bin/sh;
			shellScript = "\"${PODS_ROOT}/Target Support Files/Pods-personRecord/Pods-personRecord-frameworks.sh\"\n";
			showEnvVarsInLog = 0;
		};
		A6F6117269D154FBE56E8D9B /* [CP] Check Pods Manifest.lock */ = {
			isa = PBXShellScriptBuildPhase;
			buildActionMask = 2147483647;
			files = (
			);
			inputFileListPaths = (
			);
			inputPaths = (
				"${PODS_PODFILE_DIR_PATH}/Podfile.lock",
				"${PODS_ROOT}/Manifest.lock",
			);
			name = "[CP] Check Pods Manifest.lock";
			outputFileListPaths = (
			);
			outputPaths = (
				"$(DERIVED_FILE_DIR)/Pods-personRecord-checkManifestLockResult.txt",
			);
			runOnlyForDeploymentPostprocessing = 0;
			shellPath = /bin/sh;
			shellScript = "diff \"${PODS_PODFILE_DIR_PATH}/Podfile.lock\" \"${PODS_ROOT}/Manifest.lock\" > /dev/null\nif [ $? != 0 ] ; then\n    # print error to STDERR\n    echo \"error: The sandbox is not in sync with the Podfile.lock. Run 'pod install' or update your CocoaPods installation.\" >&2\n    exit 1\nfi\n# This output is used by Xcode 'outputs' to avoid re-running this script phase.\necho \"SUCCESS\" > \"${SCRIPT_OUTPUT_FILE_0}\"\n";
			showEnvVarsInLog = 0;
		};
/* End PBXShellScriptBuildPhase section */

/* Begin PBXSourcesBuildPhase section */
		C85A2644264A4CB5007B3FF0 /* Sources */ = {
			isa = PBXSourcesBuildPhase;
			buildActionMask = 2147483647;
			files = (
				C80EA528265DCA9F00806FF6 /* costomTableViewCell.swift in Sources */,
				C881B7A9265CDE9600709097 /* CategoryLabel.swift in Sources */,
				C85A2669264CF37F007B3FF0 /* Person.swift in Sources */,
				C85A2650264A4CB5007B3FF0 /* ViewController.swift in Sources */,
				C81E8C68265E0D1700A3F010 /* FaceCreateView.swift in Sources */,
				C8B404B2265BD28400385343 /* NameLabelView.swift in Sources */,
				C85A264C264A4CB5007B3FF0 /* AppDelegate.swift in Sources */,
				C88B6361265E9CF20029BB00 /* TagCreateViewController.swift in Sources */,
				C8B404BA265C8E2000385343 /* CollectionViewCell.swift in Sources */,
				C8E76A5C2657526800993BFC /* TagViewController.swift in Sources */,
				C87E20CA265F21DF0023BDE3 /* MemoView.swift in Sources */,
				C8E76A6226575A6A00993BFC /* TagDetailViewController.swift in Sources */,
				C8D54C1B2654AA9400775AE2 /* PortraitTabBar.swift in Sources */,
				C881B7B2265CE09000709097 /* PersonView.swift in Sources */,
				C85A2675264D0787007B3FF0 /* PersonCategory.swift in Sources */,
				C8DFA63A265A16BB00FFDC10 /* LabelView.swift in Sources */,
				C8DFF48D2655F393004BCD95 /* MemoTabBar.swift in Sources */,
				C85A264E264A4CB5007B3FF0 /* SceneDelegate.swift in Sources */,
				C8E76A5F2657563A00993BFC /* HomeTabBar.swift in Sources */,
				C8BA887C2657F03C00E29A60 /* SearchTableViewController.swift in Sources */,
				C862CAD32651FAE30064880B /* MemoCreateViewController.swift in Sources */,
				C85A266E264CF5A3007B3FF0 /* Category.swift in Sources */,
				C862CAD02651F7320064880B /* DetailViewController.swift in Sources */,
				C8B404B6265BEE9100385343 /* FaceCreateViewController.swift in Sources */,
				C864D0462652584F00E41849 /* Extension.swift in Sources */,
				C8101104265D2C09005F6723 /* testViewController.swift in Sources */,
				C8DFF48A2655E5A3004BCD95 /* FaceCreate4ViewController.swift in Sources */,
				C8495DB3265DE7D8008FE4BC /* Test2ViewController.swift in Sources */,
				C862CACD264E56AA0064880B /* NameCreateViewController.swift in Sources */,
				C81E8C64265E071F00A3F010 /* TagTableViewCell.swift in Sources */,
				C8D54C202654C33300775AE2 /* FaceCreate2ViewController.swift in Sources */,
				C85A2672264D0146007B3FF0 /* FaceCreate3ViewController.swift in Sources */,
				C8E76A662657631300993BFC /* FaceView.swift in Sources */,
			);
			runOnlyForDeploymentPostprocessing = 0;
		};
/* End PBXSourcesBuildPhase section */

/* Begin PBXVariantGroup section */
		C85A2651264A4CB5007B3FF0 /* Main.storyboard */ = {
			isa = PBXVariantGroup;
			children = (
				C85A2652264A4CB5007B3FF0 /* Base */,
			);
			name = Main.storyboard;
			sourceTree = "<group>";
		};
		C85A2656264A4CB6007B3FF0 /* LaunchScreen.storyboard */ = {
			isa = PBXVariantGroup;
			children = (
				C85A2657264A4CB6007B3FF0 /* Base */,
			);
			name = LaunchScreen.storyboard;
			sourceTree = "<group>";
		};
/* End PBXVariantGroup section */

/* Begin XCBuildConfiguration section */
		C85A265A264A4CB6007B3FF0 /* Debug */ = {
			isa = XCBuildConfiguration;
			buildSettings = {
				ALWAYS_SEARCH_USER_PATHS = NO;
				CLANG_ANALYZER_NONNULL = YES;
				CLANG_ANALYZER_NUMBER_OBJECT_CONVERSION = YES_AGGRESSIVE;
				CLANG_CXX_LANGUAGE_STANDARD = "gnu++14";
				CLANG_CXX_LIBRARY = "libc++";
				CLANG_ENABLE_MODULES = YES;
				CLANG_ENABLE_OBJC_ARC = YES;
				CLANG_ENABLE_OBJC_WEAK = YES;
				CLANG_WARN_BLOCK_CAPTURE_AUTORELEASING = YES;
				CLANG_WARN_BOOL_CONVERSION = YES;
				CLANG_WARN_COMMA = YES;
				CLANG_WARN_CONSTANT_CONVERSION = YES;
				CLANG_WARN_DEPRECATED_OBJC_IMPLEMENTATIONS = YES;
				CLANG_WARN_DIRECT_OBJC_ISA_USAGE = YES_ERROR;
				CLANG_WARN_DOCUMENTATION_COMMENTS = YES;
				CLANG_WARN_EMPTY_BODY = YES;
				CLANG_WARN_ENUM_CONVERSION = YES;
				CLANG_WARN_INFINITE_RECURSION = YES;
				CLANG_WARN_INT_CONVERSION = YES;
				CLANG_WARN_NON_LITERAL_NULL_CONVERSION = YES;
				CLANG_WARN_OBJC_IMPLICIT_RETAIN_SELF = YES;
				CLANG_WARN_OBJC_LITERAL_CONVERSION = YES;
				CLANG_WARN_OBJC_ROOT_CLASS = YES_ERROR;
				CLANG_WARN_QUOTED_INCLUDE_IN_FRAMEWORK_HEADER = YES;
				CLANG_WARN_RANGE_LOOP_ANALYSIS = YES;
				CLANG_WARN_STRICT_PROTOTYPES = YES;
				CLANG_WARN_SUSPICIOUS_MOVE = YES;
				CLANG_WARN_UNGUARDED_AVAILABILITY = YES_AGGRESSIVE;
				CLANG_WARN_UNREACHABLE_CODE = YES;
				CLANG_WARN__DUPLICATE_METHOD_MATCH = YES;
				COPY_PHASE_STRIP = NO;
				DEBUG_INFORMATION_FORMAT = dwarf;
				ENABLE_STRICT_OBJC_MSGSEND = YES;
				ENABLE_TESTABILITY = YES;
				GCC_C_LANGUAGE_STANDARD = gnu11;
				GCC_DYNAMIC_NO_PIC = NO;
				GCC_NO_COMMON_BLOCKS = YES;
				GCC_OPTIMIZATION_LEVEL = 0;
				GCC_PREPROCESSOR_DEFINITIONS = (
					"DEBUG=1",
					"$(inherited)",
				);
				GCC_WARN_64_TO_32_BIT_CONVERSION = YES;
				GCC_WARN_ABOUT_RETURN_TYPE = YES_ERROR;
				GCC_WARN_UNDECLARED_SELECTOR = YES;
				GCC_WARN_UNINITIALIZED_AUTOS = YES_AGGRESSIVE;
				GCC_WARN_UNUSED_FUNCTION = YES;
				GCC_WARN_UNUSED_VARIABLE = YES;
				IPHONEOS_DEPLOYMENT_TARGET = 14.2;
				MTL_ENABLE_DEBUG_INFO = INCLUDE_SOURCE;
				MTL_FAST_MATH = YES;
				ONLY_ACTIVE_ARCH = YES;
				SDKROOT = iphoneos;
				SWIFT_ACTIVE_COMPILATION_CONDITIONS = DEBUG;
				SWIFT_OPTIMIZATION_LEVEL = "-Onone";
			};
			name = Debug;
		};
		C85A265B264A4CB6007B3FF0 /* Release */ = {
			isa = XCBuildConfiguration;
			buildSettings = {
				ALWAYS_SEARCH_USER_PATHS = NO;
				CLANG_ANALYZER_NONNULL = YES;
				CLANG_ANALYZER_NUMBER_OBJECT_CONVERSION = YES_AGGRESSIVE;
				CLANG_CXX_LANGUAGE_STANDARD = "gnu++14";
				CLANG_CXX_LIBRARY = "libc++";
				CLANG_ENABLE_MODULES = YES;
				CLANG_ENABLE_OBJC_ARC = YES;
				CLANG_ENABLE_OBJC_WEAK = YES;
				CLANG_WARN_BLOCK_CAPTURE_AUTORELEASING = YES;
				CLANG_WARN_BOOL_CONVERSION = YES;
				CLANG_WARN_COMMA = YES;
				CLANG_WARN_CONSTANT_CONVERSION = YES;
				CLANG_WARN_DEPRECATED_OBJC_IMPLEMENTATIONS = YES;
				CLANG_WARN_DIRECT_OBJC_ISA_USAGE = YES_ERROR;
				CLANG_WARN_DOCUMENTATION_COMMENTS = YES;
				CLANG_WARN_EMPTY_BODY = YES;
				CLANG_WARN_ENUM_CONVERSION = YES;
				CLANG_WARN_INFINITE_RECURSION = YES;
				CLANG_WARN_INT_CONVERSION = YES;
				CLANG_WARN_NON_LITERAL_NULL_CONVERSION = YES;
				CLANG_WARN_OBJC_IMPLICIT_RETAIN_SELF = YES;
				CLANG_WARN_OBJC_LITERAL_CONVERSION = YES;
				CLANG_WARN_OBJC_ROOT_CLASS = YES_ERROR;
				CLANG_WARN_QUOTED_INCLUDE_IN_FRAMEWORK_HEADER = YES;
				CLANG_WARN_RANGE_LOOP_ANALYSIS = YES;
				CLANG_WARN_STRICT_PROTOTYPES = YES;
				CLANG_WARN_SUSPICIOUS_MOVE = YES;
				CLANG_WARN_UNGUARDED_AVAILABILITY = YES_AGGRESSIVE;
				CLANG_WARN_UNREACHABLE_CODE = YES;
				CLANG_WARN__DUPLICATE_METHOD_MATCH = YES;
				COPY_PHASE_STRIP = NO;
				DEBUG_INFORMATION_FORMAT = "dwarf-with-dsym";
				ENABLE_NS_ASSERTIONS = NO;
				ENABLE_STRICT_OBJC_MSGSEND = YES;
				GCC_C_LANGUAGE_STANDARD = gnu11;
				GCC_NO_COMMON_BLOCKS = YES;
				GCC_WARN_64_TO_32_BIT_CONVERSION = YES;
				GCC_WARN_ABOUT_RETURN_TYPE = YES_ERROR;
				GCC_WARN_UNDECLARED_SELECTOR = YES;
				GCC_WARN_UNINITIALIZED_AUTOS = YES_AGGRESSIVE;
				GCC_WARN_UNUSED_FUNCTION = YES;
				GCC_WARN_UNUSED_VARIABLE = YES;
				IPHONEOS_DEPLOYMENT_TARGET = 14.2;
				MTL_ENABLE_DEBUG_INFO = NO;
				MTL_FAST_MATH = YES;
				SDKROOT = iphoneos;
				SWIFT_COMPILATION_MODE = wholemodule;
				SWIFT_OPTIMIZATION_LEVEL = "-O";
				VALIDATE_PRODUCT = YES;
			};
			name = Release;
		};
		C85A265D264A4CB6007B3FF0 /* Debug */ = {
			isa = XCBuildConfiguration;
			baseConfigurationReference = 48135570B331BBC5BDC96E2C /* Pods-personRecord.debug.xcconfig */;
			buildSettings = {
				ASSETCATALOG_COMPILER_APPICON_NAME = AppIcon;
				ASSETCATALOG_COMPILER_GLOBAL_ACCENT_COLOR_NAME = AccentColor;
				CODE_SIGN_STYLE = Automatic;
				DEVELOPMENT_TEAM = KT422Y75MB;
				INFOPLIST_FILE = personRecord/Info.plist;
				LD_RUNPATH_SEARCH_PATHS = (
					"$(inherited)",
					"@executable_path/Frameworks",
				);
				PRODUCT_BUNDLE_IDENTIFIER = ip.techacademy.manami.takeuchi2.personRecord;
				PRODUCT_NAME = "$(TARGET_NAME)";
				SWIFT_VERSION = 5.0;
				TARGETED_DEVICE_FAMILY = 1;
			};
			name = Debug;
		};
		C85A265E264A4CB6007B3FF0 /* Release */ = {
			isa = XCBuildConfiguration;
			baseConfigurationReference = C2A69F3A5788948F4A4B04CA /* Pods-personRecord.release.xcconfig */;
			buildSettings = {
				ASSETCATALOG_COMPILER_APPICON_NAME = AppIcon;
				ASSETCATALOG_COMPILER_GLOBAL_ACCENT_COLOR_NAME = AccentColor;
				CODE_SIGN_STYLE = Automatic;
				DEVELOPMENT_TEAM = KT422Y75MB;
				INFOPLIST_FILE = personRecord/Info.plist;
				LD_RUNPATH_SEARCH_PATHS = (
					"$(inherited)",
					"@executable_path/Frameworks",
				);
				PRODUCT_BUNDLE_IDENTIFIER = ip.techacademy.manami.takeuchi2.personRecord;
				PRODUCT_NAME = "$(TARGET_NAME)";
				SWIFT_VERSION = 5.0;
				TARGETED_DEVICE_FAMILY = 1;
			};
			name = Release;
		};
/* End XCBuildConfiguration section */

/* Begin XCConfigurationList section */
		C85A2643264A4CB5007B3FF0 /* Build configuration list for PBXProject "personRecord" */ = {
			isa = XCConfigurationList;
			buildConfigurations = (
				C85A265A264A4CB6007B3FF0 /* Debug */,
				C85A265B264A4CB6007B3FF0 /* Release */,
			);
			defaultConfigurationIsVisible = 0;
			defaultConfigurationName = Release;
		};
		C85A265C264A4CB6007B3FF0 /* Build configuration list for PBXNativeTarget "personRecord" */ = {
			isa = XCConfigurationList;
			buildConfigurations = (
				C85A265D264A4CB6007B3FF0 /* Debug */,
				C85A265E264A4CB6007B3FF0 /* Release */,
			);
			defaultConfigurationIsVisible = 0;
			defaultConfigurationName = Release;
		};
/* End XCConfigurationList section */
	};
	rootObject = C85A2640264A4CB5007B3FF0 /* Project object */;
}
